// !$*UTF8*$!
{
	archiveVersion = 1;
	classes = {
	};
	objectVersion = 46;
	objects = {

/* Begin PBXBuildFile section */
		25D915931ED9524E00E8D424 /* main.m in Sources */ = {isa = PBXBuildFile; fileRef = 25D915921ED9524E00E8D424 /* main.m */; };
		25D915961ED9524E00E8D424 /* AppDelegate.m in Sources */ = {isa = PBXBuildFile; fileRef = 25D915951ED9524E00E8D424 /* AppDelegate.m */; };
		25D915991ED9524E00E8D424 /* ViewController.m in Sources */ = {isa = PBXBuildFile; fileRef = 25D915981ED9524E00E8D424 /* ViewController.m */; };
		25D9159C1ED9524E00E8D424 /* Main.storyboard in Resources */ = {isa = PBXBuildFile; fileRef = 25D9159A1ED9524E00E8D424 /* Main.storyboard */; };
		25D9159E1ED9524E00E8D424 /* Assets.xcassets in Resources */ = {isa = PBXBuildFile; fileRef = 25D9159D1ED9524E00E8D424 /* Assets.xcassets */; };
		25D915A11ED9524E00E8D424 /* LaunchScreen.storyboard in Resources */ = {isa = PBXBuildFile; fileRef = 25D9159F1ED9524E00E8D424 /* LaunchScreen.storyboard */; };
		25D915AC1ED9524F00E8D424 /* huanhuanSpecsDemoTests.m in Sources */ = {isa = PBXBuildFile; fileRef = 25D915AB1ED9524F00E8D424 /* huanhuanSpecsDemoTests.m */; };
		25D915B71ED9524F00E8D424 /* huanhuanSpecsDemoUITests.m in Sources */ = {isa = PBXBuildFile; fileRef = 25D915B61ED9524F00E8D424 /* huanhuanSpecsDemoUITests.m */; };
/* End PBXBuildFile section */

/* Begin PBXContainerItemProxy section */
		25D915A81ED9524F00E8D424 /* PBXContainerItemProxy */ = {
			isa = PBXContainerItemProxy;
			containerPortal = 25D915861ED9524E00E8D424 /* Project object */;
			proxyType = 1;
			remoteGlobalIDString = 25D9158D1ED9524E00E8D424;
			remoteInfo = huanhuanSpecsDemo;
		};
		25D915B31ED9524F00E8D424 /* PBXContainerItemProxy */ = {
			isa = PBXContainerItemProxy;
			containerPortal = 25D915861ED9524E00E8D424 /* Project object */;
			proxyType = 1;
			remoteGlobalIDString = 25D9158D1ED9524E00E8D424;
			remoteInfo = huanhuanSpecsDemo;
		};
/* End PBXContainerItemProxy section */

/* Begin PBXFileReference section */
		25D9158E1ED9524E00E8D424 /* huanhuanSpecsDemo.app */ = {isa = PBXFileReference; explicitFileType = wrapper.application; includeInIndex = 0; path = huanhuanSpecsDemo.app; sourceTree = BUILT_PRODUCTS_DIR; };
		25D915921ED9524E00E8D424 /* main.m */ = {isa = PBXFileReference; lastKnownFileType = sourcecode.c.objc; path = main.m; sourceTree = "<group>"; };
		25D915941ED9524E00E8D424 /* AppDelegate.h */ = {isa = PBXFileReference; lastKnownFileType = sourcecode.c.h; path = AppDelegate.h; sourceTree = "<group>"; };
		25D915951ED9524E00E8D424 /* AppDelegate.m */ = {isa = PBXFileReference; lastKnownFileType = sourcecode.c.objc; path = AppDelegate.m; sourceTree = "<group>"; };
		25D915971ED9524E00E8D424 /* ViewController.h */ = {isa = PBXFileReference; lastKnownFileType = sourcecode.c.h; path = ViewController.h; sourceTree = "<group>"; };
		25D915981ED9524E00E8D424 /* ViewController.m */ = {isa = PBXFileReference; lastKnownFileType = sourcecode.c.objc; path = ViewController.m; sourceTree = "<group>"; };
		25D9159B1ED9524E00E8D424 /* Base */ = {isa = PBXFileReference; lastKnownFileType = file.storyboard; name = Base; path = Base.lproj/Main.storyboard; sourceTree = "<group>"; };
		25D9159D1ED9524E00E8D424 /* Assets.xcassets */ = {isa = PBXFileReference; lastKnownFileType = folder.assetcatalog; path = Assets.xcassets; sourceTree = "<group>"; };
		25D915A01ED9524E00E8D424 /* Base */ = {isa = PBXFileReference; lastKnownFileType = file.storyboard; name = Base; path = Base.lproj/LaunchScreen.storyboard; sourceTree = "<group>"; };
		25D915A21ED9524E00E8D424 /* Info.plist */ = {isa = PBXFileReference; lastKnownFileType = text.plist.xml; path = Info.plist; sourceTree = "<group>"; };
		25D915A71ED9524F00E8D424 /* huanhuanSpecsDemoTests.xctest */ = {isa = PBXFileReference; explicitFileType = wrapper.cfbundle; includeInIndex = 0; path = huanhuanSpecsDemoTests.xctest; sourceTree = BUILT_PRODUCTS_DIR; };
		25D915AB1ED9524F00E8D424 /* huanhuanSpecsDemoTests.m */ = {isa = PBXFileReference; lastKnownFileType = sourcecode.c.objc; path = huanhuanSpecsDemoTests.m; sourceTree = "<group>"; };
		25D915AD1ED9524F00E8D424 /* Info.plist */ = {isa = PBXFileReference; lastKnownFileType = text.plist.xml; path = Info.plist; sourceTree = "<group>"; };
		25D915B21ED9524F00E8D424 /* huanhuanSpecsDemoUITests.xctest */ = {isa = PBXFileReference; explicitFileType = wrapper.cfbundle; includeInIndex = 0; path = huanhuanSpecsDemoUITests.xctest; sourceTree = BUILT_PRODUCTS_DIR; };
		25D915B61ED9524F00E8D424 /* huanhuanSpecsDemoUITests.m */ = {isa = PBXFileReference; lastKnownFileType = sourcecode.c.objc; path = huanhuanSpecsDemoUITests.m; sourceTree = "<group>"; };
		25D915B81ED9524F00E8D424 /* Info.plist */ = {isa = PBXFileReference; lastKnownFileType = text.plist.xml; path = Info.plist; sourceTree = "<group>"; };
/* End PBXFileReference section */

/* Begin PBXFrameworksBuildPhase section */
		25D9158B1ED9524E00E8D424 /* Frameworks */ = {
			isa = PBXFrameworksBuildPhase;
			buildActionMask = 2147483647;
			files = (
			);
			runOnlyForDeploymentPostprocessing = 0;
		};
		25D915A41ED9524F00E8D424 /* Frameworks */ = {
			isa = PBXFrameworksBuildPhase;
			buildActionMask = 2147483647;
			files = (
			);
			runOnlyForDeploymentPostprocessing = 0;
		};
		25D915AF1ED9524F00E8D424 /* Frameworks */ = {
			isa = PBXFrameworksBuildPhase;
			buildActionMask = 2147483647;
			files = (
			);
			runOnlyForDeploymentPostprocessing = 0;
		};
/* End PBXFrameworksBuildPhase section */

/* Begin PBXGroup section */
		25D915851ED9524E00E8D424 = {
			isa = PBXGroup;
			children = (
				25D915901ED9524E00E8D424 /* huanhuanSpecsDemo */,
				25D915AA1ED9524F00E8D424 /* huanhuanSpecsDemoTests */,
				25D915B51ED9524F00E8D424 /* huanhuanSpecsDemoUITests */,
				25D9158F1ED9524E00E8D424 /* Products */,
			);
			sourceTree = "<group>";
		};
		25D9158F1ED9524E00E8D424 /* Products */ = {
			isa = PBXGroup;
			children = (
				25D9158E1ED9524E00E8D424 /* huanhuanSpecsDemo.app */,
				25D915A71ED9524F00E8D424 /* huanhuanSpecsDemoTests.xctest */,
				25D915B21ED9524F00E8D424 /* huanhuanSpecsDemoUITests.xctest */,
			);
			name = Products;
			sourceTree = "<group>";
		};
		25D915901ED9524E00E8D424 /* huanhuanSpecsDemo */ = {
			isa = PBXGroup;
			children = (
				25D915941ED9524E00E8D424 /* AppDelegate.h */,
				25D915951ED9524E00E8D424 /* AppDelegate.m */,
				25D915971ED9524E00E8D424 /* ViewController.h */,
				25D915981ED9524E00E8D424 /* ViewController.m */,
				25D9159A1ED9524E00E8D424 /* Main.storyboard */,
				25D9159D1ED9524E00E8D424 /* Assets.xcassets */,
				25D9159F1ED9524E00E8D424 /* LaunchScreen.storyboard */,
				25D915A21ED9524E00E8D424 /* Info.plist */,
				25D915911ED9524E00E8D424 /* Supporting Files */,
			);
			path = huanhuanSpecsDemo;
			sourceTree = "<group>";
		};
		25D915911ED9524E00E8D424 /* Supporting Files */ = {
			isa = PBXGroup;
			children = (
				25D915921ED9524E00E8D424 /* main.m */,
			);
			name = "Supporting Files";
			sourceTree = "<group>";
		};
		25D915AA1ED9524F00E8D424 /* huanhuanSpecsDemoTests */ = {
			isa = PBXGroup;
			children = (
				25D915AB1ED9524F00E8D424 /* huanhuanSpecsDemoTests.m */,
				25D915AD1ED9524F00E8D424 /* Info.plist */,
			);
			path = huanhuanSpecsDemoTests;
			sourceTree = "<group>";
		};
		25D915B51ED9524F00E8D424 /* huanhuanSpecsDemoUITests */ = {
			isa = PBXGroup;
			children = (
				25D915B61ED9524F00E8D424 /* huanhuanSpecsDemoUITests.m */,
				25D915B81ED9524F00E8D424 /* Info.plist */,
			);
			path = huanhuanSpecsDemoUITests;
			sourceTree = "<group>";
		};
/* End PBXGroup section */

/* Begin PBXNativeTarget section */
		25D9158D1ED9524E00E8D424 /* huanhuanSpecsDemo */ = {
			isa = PBXNativeTarget;
			buildConfigurationList = 25D915BB1ED9524F00E8D424 /* Build configuration list for PBXNativeTarget "huanhuanSpecsDemo" */;
			buildPhases = (
				25D9158A1ED9524E00E8D424 /* Sources */,
				25D9158B1ED9524E00E8D424 /* Frameworks */,
				25D9158C1ED9524E00E8D424 /* Resources */,
			);
			buildRules = (
			);
			dependencies = (
			);
			name = huanhuanSpecsDemo;
			productName = huanhuanSpecsDemo;
			productReference = 25D9158E1ED9524E00E8D424 /* huanhuanSpecsDemo.app */;
			productType = "com.apple.product-type.application";
		};
		25D915A61ED9524F00E8D424 /* huanhuanSpecsDemoTests */ = {
			isa = PBXNativeTarget;
			buildConfigurationList = 25D915BE1ED9524F00E8D424 /* Build configuration list for PBXNativeTarget "huanhuanSpecsDemoTests" */;
			buildPhases = (
				25D915A31ED9524F00E8D424 /* Sources */,
				25D915A41ED9524F00E8D424 /* Frameworks */,
				25D915A51ED9524F00E8D424 /* Resources */,
			);
			buildRules = (
			);
			dependencies = (
				25D915A91ED9524F00E8D424 /* PBXTargetDependency */,
			);
			name = huanhuanSpecsDemoTests;
			productName = huanhuanSpecsDemoTests;
			productReference = 25D915A71ED9524F00E8D424 /* huanhuanSpecsDemoTests.xctest */;
			productType = "com.apple.product-type.bundle.unit-test";
		};
		25D915B11ED9524F00E8D424 /* huanhuanSpecsDemoUITests */ = {
			isa = PBXNativeTarget;
			buildConfigurationList = 25D915C11ED9524F00E8D424 /* Build configuration list for PBXNativeTarget "huanhuanSpecsDemoUITests" */;
			buildPhases = (
				25D915AE1ED9524F00E8D424 /* Sources */,
				25D915AF1ED9524F00E8D424 /* Frameworks */,
				25D915B01ED9524F00E8D424 /* Resources */,
			);
			buildRules = (
			);
			dependencies = (
				25D915B41ED9524F00E8D424 /* PBXTargetDependency */,
			);
			name = huanhuanSpecsDemoUITests;
			productName = huanhuanSpecsDemoUITests;
			productReference = 25D915B21ED9524F00E8D424 /* huanhuanSpecsDemoUITests.xctest */;
			productType = "com.apple.product-type.bundle.ui-testing";
		};
/* End PBXNativeTarget section */

/* Begin PBXProject section */
		25D915861ED9524E00E8D424 /* Project object */ = {
			isa = PBXProject;
			attributes = {
				LastUpgradeCheck = 0830;
				ORGANIZATIONNAME = "秦";
				TargetAttributes = {
					25D9158D1ED9524E00E8D424 = {
						CreatedOnToolsVersion = 8.3.2;
						DevelopmentTeam = 2A5YHQ226R;
						ProvisioningStyle = Automatic;
					};
					25D915A61ED9524F00E8D424 = {
						CreatedOnToolsVersion = 8.3.2;
						DevelopmentTeam = 2A5YHQ226R;
						ProvisioningStyle = Automatic;
						TestTargetID = 25D9158D1ED9524E00E8D424;
					};
					25D915B11ED9524F00E8D424 = {
						CreatedOnToolsVersion = 8.3.2;
						DevelopmentTeam = 2A5YHQ226R;
						ProvisioningStyle = Automatic;
						TestTargetID = 25D9158D1ED9524E00E8D424;
					};
				};
			};
			buildConfigurationList = 25D915891ED9524E00E8D424 /* Build configuration list for PBXProject "huanhuanSpecsDemo" */;
			compatibilityVersion = "Xcode 3.2";
			developmentRegion = English;
			hasScannedForEncodings = 0;
			knownRegions = (
				en,
				Base,
			);
			mainGroup = 25D915851ED9524E00E8D424;
			productRefGroup = 25D9158F1ED9524E00E8D424 /* Products */;
			projectDirPath = "";
			projectRoot = "";
			targets = (
				25D9158D1ED9524E00E8D424 /* huanhuanSpecsDemo */,
				25D915A61ED9524F00E8D424 /* huanhuanSpecsDemoTests */,
				25D915B11ED9524F00E8D424 /* huanhuanSpecsDemoUITests */,
			);
		};
/* End PBXProject section */

/* Begin PBXResourcesBuildPhase section */
		25D9158C1ED9524E00E8D424 /* Resources */ = {
			isa = PBXResourcesBuildPhase;
			buildActionMask = 2147483647;
			files = (
				25D915A11ED9524E00E8D424 /* LaunchScreen.storyboard in Resources */,
				25D9159E1ED9524E00E8D424 /* Assets.xcassets in Resources */,
				25D9159C1ED9524E00E8D424 /* Main.storyboard in Resources */,
			);
			runOnlyForDeploymentPostprocessing = 0;
		};
		25D915A51ED9524F00E8D424 /* Resources */ = {
			isa = PBXResourcesBuildPhase;
			buildActionMask = 2147483647;
			files = (
			);
			runOnlyForDeploymentPostprocessing = 0;
		};
		25D915B01ED9524F00E8D424 /* Resources */ = {
			isa = PBXResourcesBuildPhase;
			buildActionMask = 2147483647;
			files = (
			);
			runOnlyForDeploymentPostprocessing = 0;
		};
/* End PBXResourcesBuildPhase section */

/* Begin PBXSourcesBuildPhase section */
		25D9158A1ED9524E00E8D424 /* Sources */ = {
			isa = PBXSourcesBuildPhase;
			buildActionMask = 2147483647;
			files = (
				25D915991ED9524E00E8D424 /* ViewController.m in Sources */,
				25D915961ED9524E00E8D424 /* AppDelegate.m in Sources */,
				25D915931ED9524E00E8D424 /* main.m in Sources */,
			);
			runOnlyForDeploymentPostprocessing = 0;
		};
		25D915A31ED9524F00E8D424 /* Sources */ = {
			isa = PBXSourcesBuildPhase;
			buildActionMask = 2147483647;
			files = (
				25D915AC1ED9524F00E8D424 /* huanhuanSpecsDemoTests.m in Sources */,
			);
			runOnlyForDeploymentPostprocessing = 0;
		};
		25D915AE1ED9524F00E8D424 /* Sources */ = {
			isa = PBXSourcesBuildPhase;
			buildActionMask = 2147483647;
			files = (
				25D915B71ED9524F00E8D424 /* huanhuanSpecsDemoUITests.m in Sources */,
			);
			runOnlyForDeploymentPostprocessing = 0;
		};
/* End PBXSourcesBuildPhase section */

/* Begin PBXTargetDependency section */
		25D915A91ED9524F00E8D424 /* PBXTargetDependency */ = {
			isa = PBXTargetDependency;
			target = 25D9158D1ED9524E00E8D424 /* huanhuanSpecsDemo */;
			targetProxy = 25D915A81ED9524F00E8D424 /* PBXContainerItemProxy */;
		};
		25D915B41ED9524F00E8D424 /* PBXTargetDependency */ = {
			isa = PBXTargetDependency;
			target = 25D9158D1ED9524E00E8D424 /* huanhuanSpecsDemo */;
			targetProxy = 25D915B31ED9524F00E8D424 /* PBXContainerItemProxy */;
		};
/* End PBXTargetDependency section */

/* Begin PBXVariantGroup section */
		25D9159A1ED9524E00E8D424 /* Main.storyboard */ = {
			isa = PBXVariantGroup;
			children = (
				25D9159B1ED9524E00E8D424 /* Base */,
			);
			name = Main.storyboard;
			sourceTree = "<group>";
		};
		25D9159F1ED9524E00E8D424 /* LaunchScreen.storyboard */ = {
			isa = PBXVariantGroup;
			children = (
				25D915A01ED9524E00E8D424 /* Base */,
			);
			name = LaunchScreen.storyboard;
			sourceTree = "<group>";
		};
/* End PBXVariantGroup section */

/* Begin XCBuildConfiguration section */
		25D915B91ED9524F00E8D424 /* Debug */ = {
			isa = XCBuildConfiguration;
			buildSettings = {
				ALWAYS_SEARCH_USER_PATHS = NO;
				CLANG_ANALYZER_NONNULL = YES;
				CLANG_ANALYZER_NUMBER_OBJECT_CONVERSION = YES_AGGRESSIVE;
				CLANG_CXX_LANGUAGE_STANDARD = "gnu++0x";
				CLANG_CXX_LIBRARY = "libc++";
				CLANG_ENABLE_MODULES = YES;
				CLANG_ENABLE_OBJC_ARC = YES;
				CLANG_WARN_BOOL_CONVERSION = YES;
				CLANG_WARN_CONSTANT_CONVERSION = YES;
				CLANG_WARN_DIRECT_OBJC_ISA_USAGE = YES_ERROR;
				CLANG_WARN_DOCUMENTATION_COMMENTS = YES;
				CLANG_WARN_EMPTY_BODY = YES;
				CLANG_WARN_ENUM_CONVERSION = YES;
				CLANG_WARN_INFINITE_RECURSION = YES;
				CLANG_WARN_INT_CONVERSION = YES;
				CLANG_WARN_OBJC_ROOT_CLASS = YES_ERROR;
				CLANG_WARN_SUSPICIOUS_MOVE = YES;
				CLANG_WARN_UNREACHABLE_CODE = YES;
				CLANG_WARN__DUPLICATE_METHOD_MATCH = YES;
				"CODE_SIGN_IDENTITY[sdk=iphoneos*]" = "iPhone Developer";
				COPY_PHASE_STRIP = NO;
				DEBUG_INFORMATION_FORMAT = dwarf;
				ENABLE_STRICT_OBJC_MSGSEND = YES;
				ENABLE_TESTABILITY = YES;
				GCC_C_LANGUAGE_STANDARD = gnu99;
				GCC_DYNAMIC_NO_PIC = NO;
				GCC_NO_COMMON_BLOCKS = YES;
				GCC_OPTIMIZATION_LEVEL = 0;
				GCC_PREPROCESSOR_DEFINITIONS = (
					"DEBUG=1",
					"$(inherited)",
				);
				GCC_WARN_64_TO_32_BIT_CONVERSION = YES;
				GCC_WARN_ABOUT_RETURN_TYPE = YES_ERROR;
				GCC_WARN_UNDECLARED_SELECTOR = YES;
				GCC_WARN_UNINITIALIZED_AUTOS = YES_AGGRESSIVE;
				GCC_WARN_UNUSED_FUNCTION = YES;
				GCC_WARN_UNUSED_VARIABLE = YES;
				IPHONEOS_DEPLOYMENT_TARGET = 10.3;
				MTL_ENABLE_DEBUG_INFO = YES;
				ONLY_ACTIVE_ARCH = YES;
				SDKROOT = iphoneos;
			};
			name = Debug;
		};
		25D915BA1ED9524F00E8D424 /* Release */ = {
			isa = XCBuildConfiguration;
			buildSettings = {
				ALWAYS_SEARCH_USER_PATHS = NO;
				CLANG_ANALYZER_NONNULL = YES;
				CLANG_ANALYZER_NUMBER_OBJECT_CONVERSION = YES_AGGRESSIVE;
				CLANG_CXX_LANGUAGE_STANDARD = "gnu++0x";
				CLANG_CXX_LIBRARY = "libc++";
				CLANG_ENABLE_MODULES = YES;
				CLANG_ENABLE_OBJC_ARC = YES;
				CLANG_WARN_BOOL_CONVERSION = YES;
				CLANG_WARN_CONSTANT_CONVERSION = YES;
				CLANG_WARN_DIRECT_OBJC_ISA_USAGE = YES_ERROR;
				CLANG_WARN_DOCUMENTATION_COMMENTS = YES;
				CLANG_WARN_EMPTY_BODY = YES;
				CLANG_WARN_ENUM_CONVERSION = YES;
				CLANG_WARN_INFINITE_RECURSION = YES;
				CLANG_WARN_INT_CONVERSION = YES;
				CLANG_WARN_OBJC_ROOT_CLASS = YES_ERROR;
				CLANG_WARN_SUSPICIOUS_MOVE = YES;
				CLANG_WARN_UNREACHABLE_CODE = YES;
				CLANG_WARN__DUPLICATE_METHOD_MATCH = YES;
				"CODE_SIGN_IDENTITY[sdk=iphoneos*]" = "iPhone Developer";
				COPY_PHASE_STRIP = NO;
				DEBUG_INFORMATION_FORMAT = "dwarf-with-dsym";
				ENABLE_NS_ASSERTIONS = NO;
				ENABLE_STRICT_OBJC_MSGSEND = YES;
				GCC_C_LANGUAGE_STANDARD = gnu99;
				GCC_NO_COMMON_BLOCKS = YES;
				GCC_WARN_64_TO_32_BIT_CONVERSION = YES;
				GCC_WARN_ABOUT_RETURN_TYPE = YES_ERROR;
				GCC_WARN_UNDECLARED_SELECTOR = YES;
				GCC_WARN_UNINITIALIZED_AUTOS = YES_AGGRESSIVE;
				GCC_WARN_UNUSED_FUNCTION = YES;
				GCC_WARN_UNUSED_VARIABLE = YES;
				IPHONEOS_DEPLOYMENT_TARGET = 10.3;
				MTL_ENABLE_DEBUG_INFO = NO;
				SDKROOT = iphoneos;
				VALIDATE_PRODUCT = YES;
			};
			name = Release;
		};
		25D915BC1ED9524F00E8D424 /* Debug */ = {
			isa = XCBuildConfiguration;
			buildSettings = {
				ASSETCATALOG_COMPILER_APPICON_NAME = AppIcon;
				DEVELOPMENT_TEAM = 2A5YHQ226R;
				INFOPLIST_FILE = huanhuanSpecsDemo/Info.plist;
				LD_RUNPATH_SEARCH_PATHS = "$(inherited) @executable_path/Frameworks";
				PRODUCT_BUNDLE_IDENTIFIER = qinxiaokang.huanhuanSpecsDemo;
				PRODUCT_NAME = "$(TARGET_NAME)";
			};
			name = Debug;
		};
		25D915BD1ED9524F00E8D424 /* Release */ = {
			isa = XCBuildConfiguration;
			buildSettings = {
				ASSETCATALOG_COMPILER_APPICON_NAME = AppIcon;
				DEVELOPMENT_TEAM = 2A5YHQ226R;
				INFOPLIST_FILE = huanhuanSpecsDemo/Info.plist;
				LD_RUNPATH_SEARCH_PATHS = "$(inherited) @executable_path/Frameworks";
				PRODUCT_BUNDLE_IDENTIFIER = qinxiaokang.huanhuanSpecsDemo;
				PRODUCT_NAME = "$(TARGET_NAME)";
			};
			name = Release;
		};
		25D915BF1ED9524F00E8D424 /* Debug */ = {
			isa = XCBuildConfiguration;
			buildSettings = {
				BUNDLE_LOADER = "$(TEST_HOST)";
				DEVELOPMENT_TEAM = 2A5YHQ226R;
				INFOPLIST_FILE = huanhuanSpecsDemoTests/Info.plist;
				LD_RUNPATH_SEARCH_PATHS = "$(inherited) @executable_path/Frameworks @loader_path/Frameworks";
				PRODUCT_BUNDLE_IDENTIFIER = qinxiaokang.huanhuanSpecsDemoTests;
				PRODUCT_NAME = "$(TARGET_NAME)";
				TEST_HOST = "$(BUILT_PRODUCTS_DIR)/huanhuanSpecsDemo.app/huanhuanSpecsDemo";
			};
			name = Debug;
		};
		25D915C01ED9524F00E8D424 /* Release */ = {
			isa = XCBuildConfiguration;
			buildSettings = {
				BUNDLE_LOADER = "$(TEST_HOST)";
				DEVELOPMENT_TEAM = 2A5YHQ226R;
				INFOPLIST_FILE = huanhuanSpecsDemoTests/Info.plist;
				LD_RUNPATH_SEARCH_PATHS = "$(inherited) @executable_path/Frameworks @loader_path/Frameworks";
				PRODUCT_BUNDLE_IDENTIFIER = qinxiaokang.huanhuanSpecsDemoTests;
				PRODUCT_NAME = "$(TARGET_NAME)";
				TEST_HOST = "$(BUILT_PRODUCTS_DIR)/huanhuanSpecsDemo.app/huanhuanSpecsDemo";
			};
			name = Release;
		};
		25D915C21ED9524F00E8D424 /* Debug */ = {
			isa = XCBuildConfiguration;
			buildSettings = {
				DEVELOPMENT_TEAM = 2A5YHQ226R;
				INFOPLIST_FILE = huanhuanSpecsDemoUITests/Info.plist;
				LD_RUNPATH_SEARCH_PATHS = "$(inherited) @executable_path/Frameworks @loader_path/Frameworks";
				PRODUCT_BUNDLE_IDENTIFIER = qinxiaokang.huanhuanSpecsDemoUITests;
				PRODUCT_NAME = "$(TARGET_NAME)";
				TEST_TARGET_NAME = huanhuanSpecsDemo;
			};
			name = Debug;
		};
		25D915C31ED9524F00E8D424 /* Release */ = {
			isa = XCBuildConfiguration;
			buildSettings = {
				DEVELOPMENT_TEAM = 2A5YHQ226R;
				INFOPLIST_FILE = huanhuanSpecsDemoUITests/Info.plist;
				LD_RUNPATH_SEARCH_PATHS = "$(inherited) @executable_path/Frameworks @loader_path/Frameworks";
				PRODUCT_BUNDLE_IDENTIFIER = qinxiaokang.huanhuanSpecsDemoUITests;
				PRODUCT_NAME = "$(TARGET_NAME)";
				TEST_TARGET_NAME = huanhuanSpecsDemo;
			};
			name = Release;
		};
/* End XCBuildConfiguration section */

/* Begin XCConfigurationList section */
		25D915891ED9524E00E8D424 /* Build configuration list for PBXProject "huanhuanSpecsDemo" */ = {
			isa = XCConfigurationList;
			buildConfigurations = (
				25D915B91ED9524F00E8D424 /* Debug */,
				25D915BA1ED9524F00E8D424 /* Release */,
			);
			defaultConfigurationIsVisible = 0;
			defaultConfigurationName = Release;
		};
		25D915BB1ED9524F00E8D424 /* Build configuration list for PBXNativeTarget "huanhuanSpecsDemo" */ = {
			isa = XCConfigurationList;
			buildConfigurations = (
				25D915BC1ED9524F00E8D424 /* Debug */,
				25D915BD1ED9524F00E8D424 /* Release */,
			);
			defaultConfigurationIsVisible = 0;
		};
		25D915BE1ED9524F00E8D424 /* Build configuration list for PBXNativeTarget "huanhuanSpecsDemoTests" */ = {
			isa = XCConfigurationList;
			buildConfigurations = (
				25D915BF1ED9524F00E8D424 /* Debug */,
				25D915C01ED9524F00E8D424 /* Release */,
			);
			defaultConfigurationIsVisible = 0;
		};
		25D915C11ED9524F00E8D424 /* Build configuration list for PBXNativeTarget "huanhuanSpecsDemoUITests" */ = {
			isa = XCConfigurationList;
			buildConfigurations = (
				25D915C21ED9524F00E8D424 /* Debug */,
				25D915C31ED9524F00E8D424 /* Release */,
			);
			defaultConfigurationIsVisible = 0;
		};
/* End XCConfigurationList section */
	};
	rootObject = 25D915861ED9524E00E8D424 /* Project object */;
}
